{
  "lockfileVersion": 1,
  "configVersion": 0,
  "workspaces": {
    "": {
      "name": "listarr",
      "dependencies": {
        "@radix-ui/react-popover": "^1.1.16",
        "@radix-ui/react-scroll-area": "^1.2.11",
        "@radix-ui/react-tabs": "^1.1.14",
        "@radix-ui/react-tooltip": "^1.2.9",
        "@tanstack/react-query": "^5.101.0",
        "@tanstack/react-router": "^1.170.15",
        "cheerio": "^1.1.2",
        "ky": "^1.14.0",
        "lucide-react": "^1.17.0",
        "motion": "^12.40.0",
        "react": "^19.2.7",
        "react-dom": "^19.2.7",
        "tailwindcss": "^4.3.0",
        "zod": "^4.1.12",
      },
      "devDependencies": {
        "@tailwindcss/cli": "^4.3.0",
        "@types/bun": "latest",
        "@types/react": "^19.2.17",
        "@types/react-dom": "^19.2.3",
      },
      "peerDependencies": {
        "typescript": "^5",
      },
    },
  },
  "packages": {
    "@floating-ui/core": ["@floating-ui/core@1.7.5", "", { "dependencies": { "@floating-ui/utils": "^0.2.11" } }, "sha512-1Ih4WTWyw0+lKyFMcBHGbb5U5FtuHJuujoyyr5zTaWS5EYMeT6Jb2AuDeftsCsEuchO+mM2ij5+q9crhydzLhQ=="],

    "@floating-ui/dom": ["@floating-ui/dom@1.7.6", "", { "dependencies": { "@floating-ui/core": "^1.7.5", "@floating-ui/utils": "^0.2.11" } }, "sha512-9gZSAI5XM36880PPMm//9dfiEngYoC6Am2izES1FF406YFsjvyBMmeJ2g4SAju3xWwtuynNRFL2s9hgxpLI5SQ=="],

    "@floating-ui/react-dom": ["@floating-ui/react-dom@2.1.8", "", { "dependencies": { "@floating-ui/dom": "^1.7.6" }, "peerDependencies": { "react": ">=16.8.0", "react-dom": ">=16.8.0" } }, "sha512-cC52bHwM/n/CxS87FH0yWdngEZrjdtLW/qVruo68qg+prK7ZQ4YGdut2GyDVpoGeAYe/h899rVeOVm6Oi40k2A=="],

    "@floating-ui/utils": ["@floating-ui/utils@0.2.11", "", {}, "sha512-RiB/yIh78pcIxl6lLMG0CgBXAZ2Y0eVHqMPYugu+9U0AeT6YBeiJpf7lbdJNIugFP5SIjwNRgo4DhR1Qxi26Gg=="],

    "@jridgewell/gen-mapping": ["@jridgewell/gen-mapping@0.3.13", "", { "dependencies": { "@jridgewell/sourcemap-codec": "^1.5.0", "@jridgewell/trace-mapping": "^0.3.24" } }, "sha512-2kkt/7niJ6MgEPxF0bYdQ6etZaA+fQvDcLKckhy1yIQOzaoKjBBjSj63/aLVjYE3qhRt5dvM+uUyfCg6UKCBbA=="],

    "@jridgewell/remapping": ["@jridgewell/remapping@2.3.5", "", { "dependencies": { "@jridgewell/gen-mapping": "^0.3.5", "@jridgewell/trace-mapping": "^0.3.24" } }, "sha512-LI9u/+laYG4Ds1TDKSJW2YPrIlcVYOwi2fUC6xB43lueCjgxV4lffOCZCtYFiH6TNOX+tQKXx97T4IKHbhyHEQ=="],

    "@jridgewell/resolve-uri": ["@jridgewell/resolve-uri@3.1.2", "", {}, "sha512-bRISgCIjP20/tbWSPWMEi54QVPRZExkuD9lJL+UIxUKtwVJA8wW1Trb1jMs1RFXo1CBTNZ/5hpC9QvmKWdopKw=="],

    "@jridgewell/sourcemap-codec": ["@jridgewell/sourcemap-codec@1.5.5", "", {}, "sha512-cYQ9310grqxueWbl+WuIUIaiUaDcj7WOq5fVhEljNVgRfOUhY9fy2zTvfoqWsnebh8Sl70VScFbICvJnLKB0Og=="],

    "@jridgewell/trace-mapping": ["@jridgewell/trace-mapping@0.3.31", "", { "dependencies": { "@jridgewell/resolve-uri": "^3.1.0", "@jridgewell/sourcemap-codec": "^1.4.14" } }, "sha512-zzNR+SdQSDJzc8joaeP8QQoCQr8NuYx2dIIytl1QeBEZHJ9uW6hebsrYgbz8hJwUQao3TWCMtmfV8Nu1twOLAw=="],

    "@parcel/watcher": ["@parcel/watcher@2.5.6", "", { "dependencies": { "detect-libc": "^2.0.3", "is-glob": "^4.0.3", "node-addon-api": "^7.0.0", "picomatch": "^4.0.3" }, "optionalDependencies": { "@parcel/watcher-android-arm64": "2.5.6", "@parcel/watcher-darwin-arm64": "2.5.6", "@parcel/watcher-darwin-x64": "2.5.6", "@parcel/watcher-freebsd-x64": "2.5.6", "@parcel/watcher-linux-arm-glibc": "2.5.6", "@parcel/watcher-linux-arm-musl": "2.5.6", "@parcel/watcher-linux-arm64-glibc": "2.5.6", "@parcel/watcher-linux-arm64-musl": "2.5.6", "@parcel/watcher-linux-x64-glibc": "2.5.6", "@parcel/watcher-linux-x64-musl": "2.5.6", "@parcel/watcher-win32-arm64": "2.5.6", "@parcel/watcher-win32-ia32": "2.5.6", "@parcel/watcher-win32-x64": "2.5.6" } }, "sha512-tmmZ3lQxAe/k/+rNnXQRawJ4NjxO2hqiOLTHvWchtGZULp4RyFeh6aU4XdOYBFe2KE1oShQTv4AblOs2iOrNnQ=="],

    "@parcel/watcher-android-arm64": ["@parcel/watcher-android-arm64@2.5.6", "", { "os": "android", "cpu": "arm64" }, "sha512-YQxSS34tPF/6ZG7r/Ih9xy+kP/WwediEUsqmtf0cuCV5TPPKw/PQHRhueUo6JdeFJaqV3pyjm0GdYjZotbRt/A=="],

    "@parcel/watcher-darwin-arm64": ["@parcel/watcher-darwin-arm64@2.5.6", "", { "os": "darwin", "cpu": "arm64" }, "sha512-Z2ZdrnwyXvvvdtRHLmM4knydIdU9adO3D4n/0cVipF3rRiwP+3/sfzpAwA/qKFL6i1ModaabkU7IbpeMBgiVEA=="],

    "@parcel/watcher-darwin-x64": ["@parcel/watcher-darwin-x64@2.5.6", "", { "os": "darwin", "cpu": "x64" }, "sha512-HgvOf3W9dhithcwOWX9uDZyn1lW9R+7tPZ4sug+NGrGIo4Rk1hAXLEbcH1TQSqxts0NYXXlOWqVpvS1SFS4fRg=="],

    "@parcel/watcher-freebsd-x64": ["@parcel/watcher-freebsd-x64@2.5.6", "", { "os": "freebsd", "cpu": "x64" }, "sha512-vJVi8yd/qzJxEKHkeemh7w3YAn6RJCtYlE4HPMoVnCpIXEzSrxErBW5SJBgKLbXU3WdIpkjBTeUNtyBVn8TRng=="],

    "@parcel/watcher-linux-arm-glibc": ["@parcel/watcher-linux-arm-glibc@2.5.6", "", { "os": "linux", "cpu": "arm" }, "sha512-9JiYfB6h6BgV50CCfasfLf/uvOcJskMSwcdH1PHH9rvS1IrNy8zad6IUVPVUfmXr+u+Km9IxcfMLzgdOudz9EQ=="],

    "@parcel/watcher-linux-arm-musl": ["@parcel/watcher-linux-arm-musl@2.5.6", "", { "os": "linux", "cpu": "arm" }, "sha512-Ve3gUCG57nuUUSyjBq/MAM0CzArtuIOxsBdQ+ftz6ho8n7s1i9E1Nmk/xmP323r2YL0SONs1EuwqBp2u1k5fxg=="],

    "@parcel/watcher-linux-arm64-glibc": ["@parcel/watcher-linux-arm64-glibc@2.5.6", "", { "os": "linux", "cpu": "arm64" }, "sha512-f2g/DT3NhGPdBmMWYoxixqYr3v/UXcmLOYy16Bx0TM20Tchduwr4EaCbmxh1321TABqPGDpS8D/ggOTaljijOA=="],

    "@parcel/watcher-linux-arm64-musl": ["@parcel/watcher-linux-arm64-musl@2.5.6", "", { "os": "linux", "cpu": "arm64" }, "sha512-qb6naMDGlbCwdhLj6hgoVKJl2odL34z2sqkC7Z6kzir8b5W65WYDpLB6R06KabvZdgoHI/zxke4b3zR0wAbDTA=="],

    "@parcel/watcher-linux-x64-glibc": ["@parcel/watcher-linux-x64-glibc@2.5.6", "", { "os": "linux", "cpu": "x64" }, "sha512-kbT5wvNQlx7NaGjzPFu8nVIW1rWqV780O7ZtkjuWaPUgpv2NMFpjYERVi0UYj1msZNyCzGlaCWEtzc+exjMGbQ=="],

    "@parcel/watcher-linux-x64-musl": ["@parcel/watcher-linux-x64-musl@2.5.6", "", { "os": "linux", "cpu": "x64" }, "sha512-1JRFeC+h7RdXwldHzTsmdtYR/Ku8SylLgTU/reMuqdVD7CtLwf0VR1FqeprZ0eHQkO0vqsbvFLXUmYm/uNKJBg=="],

    "@parcel/watcher-win32-arm64": ["@parcel/watcher-win32-arm64@2.5.6", "", { "os": "win32", "cpu": "arm64" }, "sha512-3ukyebjc6eGlw9yRt678DxVF7rjXatWiHvTXqphZLvo7aC5NdEgFufVwjFfY51ijYEWpXbqF5jtrK275z52D4Q=="],

    "@parcel/watcher-win32-ia32": ["@parcel/watcher-win32-ia32@2.5.6", "", { "os": "win32", "cpu": "ia32" }, "sha512-k35yLp1ZMwwee3Ez/pxBi5cf4AoBKYXj00CZ80jUz5h8prpiaQsiRPKQMxoLstNuqe2vR4RNPEAEcjEFzhEz/g=="],

    "@parcel/watcher-win32-x64": ["@parcel/watcher-win32-x64@2.5.6", "", { "os": "win32", "cpu": "x64" }, "sha512-hbQlYcCq5dlAX9Qx+kFb0FHue6vbjlf0FrNzSKdYK2APUf7tGfGxQCk2ihEREmbR6ZMc0MVAD5RIX/41gpUzTw=="],

    "@radix-ui/number": ["@radix-ui/number@1.1.2", "", {}, "sha512-ceTwaxc4I5IOi97DgCotl3pqiyRGvffcc0oOsE2dQYaJOFIDsDt4VWG6xEbg1QePv9QWausCEIppud/tJ1wNig=="],

    "@radix-ui/primitive": ["@radix-ui/primitive@1.1.4", "", {}, "sha512-7AdCK9PQyiljKoBDbN8OuctCbd/esdwZPQ8RtOE3SsyQtUpiPb+ND75q0jEhC1m1ecBI0MFNeLJvwIh9iKHRcQ=="],

    "@radix-ui/react-arrow": ["@radix-ui/react-arrow@1.1.9", "", { "dependencies": { "@radix-ui/react-primitive": "2.1.5" }, "peerDependencies": { "@types/react": "*", "@types/react-dom": "*", "react": "^16.8 || ^17.0 || ^18.0 || ^19.0 || ^19.0.0-rc", "react-dom": "^16.8 || ^17.0 || ^18.0 || ^19.0 || ^19.0.0-rc" }, "optionalPeers": ["@types/react", "@types/react-dom"] }, "sha512-yqHW5WQ/cTpU/un7dqqIKNy2iRU8BC0JB78PEzTfCCYvZu1U6W9KwObAniMk9nhSfyotKPQTYaUD/HB0f5muig=="],

    "@radix-ui/react-collection": ["@radix-ui/react-collection@1.1.9", "", { "dependencies": { "@radix-ui/react-compose-refs": "1.1.3", "@radix-ui/react-context": "1.1.4", "@radix-ui/react-primitive": "2.1.5", "@radix-ui/react-slot": "1.2.5" }, "peerDependencies": { "@types/react": "*", "@types/react-dom": "*", "react": "^16.8 || ^17.0 || ^18.0 || ^19.0 || ^19.0.0-rc", "react-dom": "^16.8 || ^17.0 || ^18.0 || ^19.0 || ^19.0.0-rc" }, "optionalPeers": ["@types/react", "@types/react-dom"] }, "sha512-zuSVi7ziP7uQRqc+yGxsKJfNkdyHv3ZKDaHe0gzg4dRgws96TPKWIiz84tVHP4GEcEl8bC0mdt17NkcxaJHmaQ=="],

    "@radix-ui/react-compose-refs": ["@radix-ui/react-compose-refs@1.1.3", "", { "peerDependencies": { "@types/react": "*", "react": "^16.8 || ^17.0 || ^18.0 || ^19.0 || ^19.0.0-rc" }, "optionalPeers": ["@types/react"] }, "sha512-rYOP8OMnuuPMQF1uhPVlGNcCDlkokKqGFE3JcxFViIkAXP7EvFWUliJAstrapypaBLJNHbZL6jGhbVDGTwmVhA=="],

    "@radix-ui/react-context": ["@radix-ui/react-context@1.1.4", "", { "peerDependencies": { "@types/react": "*", "react": "^16.8 || ^17.0 || ^18.0 || ^19.0 || ^19.0.0-rc" }, "optionalPeers": ["@types/react"] }, "sha512-QwH4PO5urrbO+FaGd5Aglg+YJgWTyyuZ3g/6mKvsqraLkglDdckw9JafgL5McL5VEJ6EPNduPaT3ZE9BttDAqg=="],

    "@radix-ui/react-direction": ["@radix-ui/react-direction@1.1.2", "", { "peerDependencies": { "@types/react": "*", "react": "^16.8 || ^17.0 || ^18.0 || ^19.0 || ^19.0.0-rc" }, "optionalPeers": ["@types/react"] }, "sha512-C3vFhbyi4SW3PmbAi6Awpu4OzJtd0MxGurvSsYtr7p7nM8RNB3VAF3CUmnp2j50knpkrRcB7+ycVXzgLgF6yNA=="],

    "@radix-ui/react-dismissable-layer": ["@radix-ui/react-dismissable-layer@1.1.12", "", { "dependencies": { "@radix-ui/primitive": "1.1.4", "@radix-ui/react-compose-refs": "1.1.3", "@radix-ui/react-primitive": "2.1.5", "@radix-ui/react-use-callback-ref": "1.1.2", "@radix-ui/react-use-escape-keydown": "1.1.2" }, "peerDependencies": { "@types/react": "*", "@types/react-dom": "*", "react": "^16.8 || ^17.0 || ^18.0 || ^19.0 || ^19.0.0-rc", "react-dom": "^16.8 || ^17.0 || ^18.0 || ^19.0 || ^19.0.0-rc" }, "optionalPeers": ["@types/react", "@types/react-dom"] }, "sha512-MhoruH6xEzsbvOmo4TNgMfmtvRGyDZw4MDSdf4ybMHfezjqwzv6hyd4lsMzBp8K9Sn6sGzCF62x1I7BYUECXOg=="],

    "@radix-ui/react-focus-guards": ["@radix-ui/react-focus-guards@1.1.4", "", { "peerDependencies": { "@types/react": "*", "react": "^16.8 || ^17.0 || ^18.0 || ^19.0 || ^19.0.0-rc" }, "optionalPeers": ["@types/react"] }, "sha512-cot/aB/mOm0IYVYTTmQcEEK1M48lZWi8FlYe5nDPQQ8NYZUlXEFgncJ9p2Kzer3RKSrY7cTTpEMLZKNo9QoP5Q=="],

    "@radix-ui/react-focus-scope": ["@radix-ui/react-focus-scope@1.1.9", "", { "dependencies": { "@radix-ui/react-compose-refs": "1.1.3", "@radix-ui/react-primitive": "2.1.5", "@radix-ui/react-use-callback-ref": "1.1.2" }, "peerDependencies": { "@types/react": "*", "@types/react-dom": "*", "react": "^16.8 || ^17.0 || ^18.0 || ^19.0 || ^19.0.0-rc", "react-dom": "^16.8 || ^17.0 || ^18.0 || ^19.0 || ^19.0.0-rc" }, "optionalPeers": ["@types/react", "@types/react-dom"] }, "sha512-9Se8t+Zry+1rEOL7Y6l/4ANYU/TOtAtf8O2fKdwLltcaMcm6kOqYGbzO4tMFQ0bvzO920pRAoHpFZ4W85S3keQ=="],

    "@radix-ui/react-id": ["@radix-ui/react-id@1.1.2", "", { "dependencies": { "@radix-ui/react-use-layout-effect": "1.1.2" }, "peerDependencies": { "@types/react": "*", "react": "^16.8 || ^17.0 || ^18.0 || ^19.0 || ^19.0.0-rc" }, "optionalPeers": ["@types/react"] }, "sha512-orBC88futVpqCmhX1p4cvquNHsELQ+w+vBJnuj3ftETI5bJb0bZn3Tqu3SWN2IOcPycTnMGnhwoermvISt72sA=="],

    "@radix-ui/react-popover": ["@radix-ui/react-popover@1.1.16", "", { "dependencies": { "@radix-ui/primitive": "1.1.4", "@radix-ui/react-compose-refs": "1.1.3", "@radix-ui/react-context": "1.1.4", "@radix-ui/react-dismissable-layer": "1.1.12", "@radix-ui/react-focus-guards": "1.1.4", "@radix-ui/react-focus-scope": "1.1.9", "@radix-ui/react-id": "1.1.2", "@radix-ui/react-popper": "1.3.0", "@radix-ui/react-portal": "1.1.11", "@radix-ui/react-presence": "1.1.6", "@radix-ui/react-primitive": "2.1.5", "@radix-ui/react-slot": "1.2.5", "@radix-ui/react-use-controllable-state": "1.2.3", "aria-hidden": "^1.2.4", "react-remove-scroll": "^2.7.2" }, "peerDependencies": { "@types/react": "*", "@types/react-dom": "*", "react": "^16.8 || ^17.0 || ^18.0 || ^19.0 || ^19.0.0-rc", "react-dom": "^16.8 || ^17.0 || ^18.0 || ^19.0 || ^19.0.0-rc" }, "optionalPeers": ["@types/react", "@types/react-dom"] }, "sha512-8brVpAU5Uq7Bh0c8EFc4ZTf2JJTYn0o+1L+CUJB3UYIOkTjKGMgoHvduylrahdmNlr3DfH0rFq2DrbNZXgaspw=="],

    "@radix-ui/react-popper": ["@radix-ui/react-popper@1.3.0", "", { "dependencies": { "@floating-ui/react-dom": "^2.0.0", "@radix-ui/react-arrow": "1.1.9", "@radix-ui/react-compose-refs": "1.1.3", "@radix-ui/react-context": "1.1.4", "@radix-ui/react-primitive": "2.1.5", "@radix-ui/react-use-callback-ref": "1.1.2", "@radix-ui/react-use-layout-effect": "1.1.2", "@radix-ui/react-use-rect": "1.1.2", "@radix-ui/react-use-size": "1.1.2", "@radix-ui/rect": "1.1.2" }, "peerDependencies": { "@types/react": "*", "@types/react-dom": "*", "react": "^16.8 || ^17.0 || ^18.0 || ^19.0 || ^19.0.0-rc", "react-dom": "^16.8 || ^17.0 || ^18.0 || ^19.0 || ^19.0.0-rc" }, "optionalPeers": ["@types/react", "@types/react-dom"] }, "sha512-9PB589e1aWZbrlFUHdz6WiPCL+xLZHQFX7oibqG/6Q0SwOkxDyQX9W/cyPa+sAPPKuC8cpLCpRczE5a/1DiwVQ=="],

    "@radix-ui/react-portal": ["@radix-ui/react-portal@1.1.11", "", { "dependencies": { "@radix-ui/react-primitive": "2.1.5", "@radix-ui/react-use-layout-effect": "1.1.2" }, "peerDependencies": { "@types/react": "*", "@types/react-dom": "*", "react": "^16.8 || ^17.0 || ^18.0 || ^19.0 || ^19.0.0-rc", "react-dom": "^16.8 || ^17.0 || ^18.0 || ^19.0 || ^19.0.0-rc" }, "optionalPeers": ["@types/react", "@types/react-dom"] }, "sha512-UEytdjgEh2tJGgD/gZK4FUx6t1rNIlM3U0DENhSrG7I75FGm1DnaDuVUWF1pWAWUwGmn1sCJ1VGHn8LhN1aTOw=="],

    "@radix-ui/react-presence": ["@radix-ui/react-presence@1.1.6", "", { "dependencies": { "@radix-ui/react-use-layout-effect": "1.1.2" }, "peerDependencies": { "@types/react": "*", "@types/react-dom": "*", "react": "^16.8 || ^17.0 || ^18.0 || ^19.0 || ^19.0.0-rc", "react-dom": "^16.8 || ^17.0 || ^18.0 || ^19.0 || ^19.0.0-rc" }, "optionalPeers": ["@types/react", "@types/react-dom"] }, "sha512-zdTk4PlUO0E18HnZ3wYbW0KkJJxWCdiNYp6g6X1PtONFhxVkg01vliTJAmwIszU6mHiyBOoW9P0rAugl5/hULQ=="],

    "@radix-ui/react-primitive": ["@radix-ui/react-primitive@2.1.5", "", { "dependencies": { "@radix-ui/react-slot": "1.2.5" }, "peerDependencies": { "@types/react": "*", "@types/react-dom": "*", "react": "^16.8 || ^17.0 || ^18.0 || ^19.0 || ^19.0.0-rc", "react-dom": "^16.8 || ^17.0 || ^18.0 || ^19.0 || ^19.0.0-rc" }, "optionalPeers": ["@types/react", "@types/react-dom"] }, "sha512-zifXeB8Y88qCYx8PLZ5oQb32KwZub+s925mMoZsBBq9KUQqWKkREubTfs6ASjRPPBe7Jt9O8OHH89+95VG+grA=="],

    "@radix-ui/react-roving-focus": ["@radix-ui/react-roving-focus@1.1.12", "", { "dependencies": { "@radix-ui/primitive": "1.1.4", "@radix-ui/react-collection": "1.1.9", "@radix-ui/react-compose-refs": "1.1.3", "@radix-ui/react-context": "1.1.4", "@radix-ui/react-direction": "1.1.2", "@radix-ui/react-id": "1.1.2", "@radix-ui/react-primitive": "2.1.5", "@radix-ui/react-use-callback-ref": "1.1.2", "@radix-ui/react-use-controllable-state": "1.2.3" }, "peerDependencies": { "@types/react": "*", "@types/react-dom": "*", "react": "^16.8 || ^17.0 || ^18.0 || ^19.0 || ^19.0.0-rc", "react-dom": "^16.8 || ^17.0 || ^18.0 || ^19.0 || ^19.0.0-rc" }, "optionalPeers": ["@types/react", "@types/react-dom"] }, "sha512-FvgPt1bRmg8Xt2QpF7NUZW3dE0ZQHGm41dAdgT2J2GJPoIXz+9Em3NobAxf4fupcxhgHu03E5CRiU2MWvObXyg=="],

    "@radix-ui/react-scroll-area": ["@radix-ui/react-scroll-area@1.2.11", "", { "dependencies": { "@radix-ui/number": "1.1.2", "@radix-ui/primitive": "1.1.4", "@radix-ui/react-compose-refs": "1.1.3", "@radix-ui/react-context": "1.1.4", "@radix-ui/react-direction": "1.1.2", "@radix-ui/react-presence": "1.1.6", "@radix-ui/react-primitive": "2.1.5", "@radix-ui/react-use-callback-ref": "1.1.2", "@radix-ui/react-use-layout-effect": "1.1.2" }, "peerDependencies": { "@types/react": "*", "@types/react-dom": "*", "react": "^16.8 || ^17.0 || ^18.0 || ^19.0 || ^19.0.0-rc", "react-dom": "^16.8 || ^17.0 || ^18.0 || ^19.0 || ^19.0.0-rc" }, "optionalPeers": ["@types/react", "@types/react-dom"] }, "sha512-DS39ziOgea75U/TrXKU2/oKp0be2jrDHnzFLvahg/0iNAT1Zq16e4Uw0WXwyXvsK+mG3BRyMb7A3NRZMDuEXtQ=="],

    "@radix-ui/react-slot": ["@radix-ui/react-slot@1.2.5", "", { "dependencies": { "@radix-ui/react-compose-refs": "1.1.3" }, "peerDependencies": { "@types/react": "*", "react": "^16.8 || ^17.0 || ^18.0 || ^19.0 || ^19.0.0-rc" }, "optionalPeers": ["@types/react"] }, "sha512-rCMO3QsIVKv5JTY5CVbo2MvO77SpEqqYc8AvRE7OWqRDOIqAKjsp+DrmnY9uc8NPdxB5E2z47HTYGeE2+NTptg=="],

    "@radix-ui/react-tabs": ["@radix-ui/react-tabs@1.1.14", "", { "dependencies": { "@radix-ui/primitive": "1.1.4", "@radix-ui/react-context": "1.1.4", "@radix-ui/react-direction": "1.1.2", "@radix-ui/react-id": "1.1.2", "@radix-ui/react-presence": "1.1.6", "@radix-ui/react-primitive": "2.1.5", "@radix-ui/react-roving-focus": "1.1.12", "@radix-ui/react-use-controllable-state": "1.2.3" }, "peerDependencies": { "@types/react": "*", "@types/react-dom": "*", "react": "^16.8 || ^17.0 || ^18.0 || ^19.0 || ^19.0.0-rc", "react-dom": "^16.8 || ^17.0 || ^18.0 || ^19.0 || ^19.0.0-rc" }, "optionalPeers": ["@types/react", "@types/react-dom"] }, "sha512-D5jwp9JNuwDeCw3CYD2Fz+sSHo0droQjC8u75dJHe4aWr5q6yBiXZU+hurXnKudRgEpUkD5TsI6bjHPo5ThUxA=="],

    "@radix-ui/react-tooltip": ["@radix-ui/react-tooltip@1.2.9", "", { "dependencies": { "@radix-ui/primitive": "1.1.4", "@radix-ui/react-compose-refs": "1.1.3", "@radix-ui/react-context": "1.1.4", "@radix-ui/react-dismissable-layer": "1.1.12", "@radix-ui/react-id": "1.1.2", "@radix-ui/react-popper": "1.3.0", "@radix-ui/react-portal": "1.1.11", "@radix-ui/react-presence": "1.1.6", "@radix-ui/react-primitive": "2.1.5", "@radix-ui/react-slot": "1.2.5", "@radix-ui/react-use-controllable-state": "1.2.3", "@radix-ui/react-visually-hidden": "1.2.5" }, "peerDependencies": { "@types/react": "*", "@types/react-dom": "*", "react": "^16.8 || ^17.0 || ^18.0 || ^19.0 || ^19.0.0-rc", "react-dom": "^16.8 || ^17.0 || ^18.0 || ^19.0 || ^19.0.0-rc" }, "optionalPeers": ["@types/react", "@types/react-dom"] }, "sha512-u6F9MmTtBSLkiXNVDrtB/yPCZarM9smNswC24YYLV/M+bth6J3Gs3vlJezEoFwKZvPvxhCpUYdUnOsNG/0XOlA=="],

    "@radix-ui/react-use-callback-ref": ["@radix-ui/react-use-callback-ref@1.1.2", "", { "peerDependencies": { "@types/react": "*", "react": "^16.8 || ^17.0 || ^18.0 || ^19.0 || ^19.0.0-rc" }, "optionalPeers": ["@types/react"] }, "sha512-xCso9j1/u8sEgP1RNHjFrXJLApL8LiqOkI1R4ywuN00rxWdYg4oQXuwKLS3i0j5NWLromUD27/4nlxj2UFVvIw=="],

    "@radix-ui/react-use-controllable-state": ["@radix-ui/react-use-controllable-state@1.2.3", "", { "dependencies": { "@radix-ui/react-use-effect-event": "0.0.3", "@radix-ui/react-use-layout-effect": "1.1.2" }, "peerDependencies": { "@types/react": "*", "react": "^16.8 || ^17.0 || ^18.0 || ^19.0 || ^19.0.0-rc" }, "optionalPeers": ["@types/react"] }, "sha512-PLzC90MS+ReootmjC597dvopoelpZ8Q61HJkDXZSExitIq7PL55vHNnesAHwguHK0aPfBnpdNzQtv1uliaqQrA=="],

    "@radix-ui/react-use-effect-event": ["@radix-ui/react-use-effect-event@0.0.3", "", { "dependencies": { "@radix-ui/react-use-layout-effect": "1.1.2" }, "peerDependencies": { "@types/react": "*", "react": "^16.8 || ^17.0 || ^18.0 || ^19.0 || ^19.0.0-rc" }, "optionalPeers": ["@types/react"] }, "sha512-6c8ZqvPTWILEKnyVkP53EGRCcpnJiKTC21sS/6R1GF5xKyHJJWQEPfkqlcgUkdRQivd6tb23abUwe4ngWmY0JA=="],

    "@radix-ui/react-use-escape-keydown": ["@radix-ui/react-use-escape-keydown@1.1.2", "", { "dependencies": { "@radix-ui/react-use-callback-ref": "1.1.2" }, "peerDependencies": { "@types/react": "*", "react": "^16.8 || ^17.0 || ^18.0 || ^19.0 || ^19.0.0-rc" }, "optionalPeers": ["@types/react"] }, "sha512-2uVLvLjgO7NZCWw01/FdqRwmA42J0BcjPMUCA+koFEOAb+zjqIP7SiFz/7zWPrKnVmSqr76Omq2ALyCuX4dhLw=="],

    "@radix-ui/react-use-layout-effect": ["@radix-ui/react-use-layout-effect@1.1.2", "", { "peerDependencies": { "@types/react": "*", "react": "^16.8 || ^17.0 || ^18.0 || ^19.0 || ^19.0.0-rc" }, "optionalPeers": ["@types/react"] }, "sha512-jrBWOxZITuGcnjRCM2t2U5ZPkCLxD+Ym6DjfssS5haTj2iiak/DOb64JeN6OdLfLgptb6/e2kKR+ZuTrGoZTPA=="],

    "@radix-ui/react-use-rect": ["@radix-ui/react-use-rect@1.1.2", "", { "dependencies": { "@radix-ui/rect": "1.1.2" }, "peerDependencies": { "@types/react": "*", "react": "^16.8 || ^17.0 || ^18.0 || ^19.0 || ^19.0.0-rc" }, "optionalPeers": ["@types/react"] }, "sha512-d8a+bBY/FxikNPlgJJoaBHZX+zKVbWHYJGTLnLvveQgFSTntkGdEKv3JDtHrMS0DNYpllz2nRsTLGLKYttbpmw=="],

    "@radix-ui/react-use-size": ["@radix-ui/react-use-size@1.1.2", "", { "dependencies": { "@radix-ui/react-use-layout-effect": "1.1.2" }, "peerDependencies": { "@types/react": "*", "react": "^16.8 || ^17.0 || ^18.0 || ^19.0 || ^19.0.0-rc" }, "optionalPeers": ["@types/react"] }, "sha512-giWQp+4mxjBPt4KZ0MmyuykFNWfbDxKt4x+fPkRYmgRFJSbCZFzUglvMb/Kjn38tm10YP4ufiQZDx3zna4LU6w=="],

    "@radix-ui/react-visually-hidden": ["@radix-ui/react-visually-hidden@1.2.5", "", { "dependencies": { "@radix-ui/react-primitive": "2.1.5" }, "peerDependencies": { "@types/react": "*", "@types/react-dom": "*", "react": "^16.8 || ^17.0 || ^18.0 || ^19.0 || ^19.0.0-rc", "react-dom": "^16.8 || ^17.0 || ^18.0 || ^19.0 || ^19.0.0-rc" }, "optionalPeers": ["@types/react", "@types/react-dom"] }, "sha512-tPcHNI3FajdDBFpl/Ez1m2WL0ufJqBKyHxMDBvKitopamK36WwBGOMicuMEZKkM5Wce41QxUyv6BsiqfrWBiGg=="],

    "@radix-ui/rect": ["@radix-ui/rect@1.1.2", "", {}, "sha512-xnXE7wG13PI+cxieVssYXlQJuYVRhH9NBoxt3KNwzghDIA69GMm7d4wXRouHIYjE+KvS6U/MsMO73NdS2MH9ZA=="],

    "@tailwindcss/cli": ["@tailwindcss/cli@4.3.0", "", { "dependencies": { "@parcel/watcher": "^2.5.1", "@tailwindcss/node": "4.3.0", "@tailwindcss/oxide": "4.3.0", "enhanced-resolve": "^5.21.0", "mri": "^1.2.0", "picocolors": "^1.1.1", "tailwindcss": "4.3.0" }, "bin": { "tailwindcss": "dist/index.mjs" } }, "sha512-X9kdlqyMopO9fewbgHsEeuy31YzMHbdZ9VsKt004tB+mxSg1CNbyhZYCzvhciN0AM4R4b5lvIprPjtNq7iQxpQ=="],

    "@tailwindcss/node": ["@tailwindcss/node@4.3.0", "", { "dependencies": { "@jridgewell/remapping": "^2.3.5", "enhanced-resolve": "^5.21.0", "jiti": "^2.6.1", "lightningcss": "1.32.0", "magic-string": "^0.30.21", "source-map-js": "^1.2.1", "tailwindcss": "4.3.0" } }, "sha512-aFb4gUhFOgdh9AXo4IzBEOzBkkAxm9VigwDJnMIYv3lcfXCJVesNfbEaBl4BNgVRyid92AmdviqwBUBRKSeY3g=="],

    "@tailwindcss/oxide": ["@tailwindcss/oxide@4.3.0", "", { "optionalDependencies": { "@tailwindcss/oxide-android-arm64": "4.3.0", "@tailwindcss/oxide-darwin-arm64": "4.3.0", "@tailwindcss/oxide-darwin-x64": "4.3.0", "@tailwindcss/oxide-freebsd-x64": "4.3.0", "@tailwindcss/oxide-linux-arm-gnueabihf": "4.3.0", "@tailwindcss/oxide-linux-arm64-gnu": "4.3.0", "@tailwindcss/oxide-linux-arm64-musl": "4.3.0", "@tailwindcss/oxide-linux-x64-gnu": "4.3.0", "@tailwindcss/oxide-linux-x64-musl": "4.3.0", "@tailwindcss/oxide-wasm32-wasi": "4.3.0", "@tailwindcss/oxide-win32-arm64-msvc": "4.3.0", "@tailwindcss/oxide-win32-x64-msvc": "4.3.0" } }, "sha512-F7HZGBeN9I0/AuuJS5PwcD8xayx5ri5GhjYUDBEVYUkexyA/giwbDNjRVrxSezE3T250OU2K/wp/ltWx3UOefg=="],

    "@tailwindcss/oxide-android-arm64": ["@tailwindcss/oxide-android-arm64@4.3.0", "", { "os": "android", "cpu": "arm64" }, "sha512-TJPiq67tKlLuObP6RkwvVGDoxCMBVtDgKkLfa/uyj7/FyxvQwHS+UOnVrXXgbEsfUaMgiVvC4KbJnRr26ho4Ng=="],

    "@tailwindcss/oxide-darwin-arm64": ["@tailwindcss/oxide-darwin-arm64@4.3.0", "", { "os": "darwin", "cpu": "arm64" }, "sha512-oMN/WZRb+SO37BmUElEgeEWuU8E/HXRkiODxJxLe1UTHVXLrdVSgfaJV7pSlhRGMSOiXLuxTIjfsF3wYvz8cgQ=="],

    "@tailwindcss/oxide-darwin-x64": ["@tailwindcss/oxide-darwin-x64@4.3.0", "", { "os": "darwin", "cpu": "x64" }, "sha512-N6CUmu4a6bKVADfw77p+iw6Yd9Q3OBhe0veaDX+QazfuVYlQsHfDgxBrsjQ/IW+zywL8mTrNd0SdJT/zgtvMdA=="],

    "@tailwindcss/oxide-freebsd-x64": ["@tailwindcss/oxide-freebsd-x64@4.3.0", "", { "os": "freebsd", "cpu": "x64" }, "sha512-zDL5hBkQdH5C6MpqbK3gQAgP80tsMwSI26vjOzjJtNCMUo0lFgOItzHKBIupOZNQxt3ouPH7RPhvNhiTfCe5CQ=="],

    "@tailwindcss/oxide-linux-arm-gnueabihf": ["@tailwindcss/oxide-linux-arm-gnueabihf@4.3.0", "", { "os": "linux", "cpu": "arm" }, "sha512-R06HdNi7A7OEoMsf6d4tjZ71RCWnZQPHj2mnotSFURjNLdBC+cIgXQ7l81CqeoiQftjf6OOblxXMInMgN2VzMA=="],

    "@tailwindcss/oxide-linux-arm64-gnu": ["@tailwindcss/oxide-linux-arm64-gnu@4.3.0", "", { "os": "linux", "cpu": "arm64" }, "sha512-qTJHELX8jetjhRQHCLilkVLmybpzNQAtaI/gaoVoidn/ufbNDbAo8KlK2J+yPoc8wQxvDxCmh/5lr8nC1+lTbg=="],

    "@tailwindcss/oxide-linux-arm64-musl": ["@tailwindcss/oxide-linux-arm64-musl@4.3.0", "", { "os": "linux", "cpu": "arm64" }, "sha512-Z6sukiQsngnWO+l39X4pPbiWT81IC+PLKF+PHxIlyZbGNb9MODfYlXEVlFvej5BOZInWX01kVyzeLvHsXhfczQ=="],

    "@tailwindcss/oxide-linux-x64-gnu": ["@tailwindcss/oxide-linux-x64-gnu@4.3.0", "", { "os": "linux", "cpu": "x64" }, "sha512-DRNdQRpSGzRGfARVuVkxvM8Q12nh19l4BF/G7zGA1oe+9wcC6saFBHTISrpIcKzhiXtSrlSrluCfvMuledoCTQ=="],

    "@tailwindcss/oxide-linux-x64-musl": ["@tailwindcss/oxide-linux-x64-musl@4.3.0", "", { "os": "linux", "cpu": "x64" }, "sha512-Z0IADbDo8bh6I7h2IQMx601AdXBLfFpEdUotft86evd/8ZPflZe9COPO8Q1vw+pfLWIUo9zN/JGZvwuAJqduqg=="],

    "@tailwindcss/oxide-wasm32-wasi": ["@tailwindcss/oxide-wasm32-wasi@4.3.0", "", { "dependencies": { "@emnapi/core": "^1.10.0", "@emnapi/runtime": "^1.10.0", "@emnapi/wasi-threads": "^1.2.1", "@napi-rs/wasm-runtime": "^1.1.4", "@tybys/wasm-util": "^0.10.1", "tslib": "^2.8.1" }, "cpu": "none" }, "sha512-HNZGOUxEmElksYR7S6sC5jTeNGpobAsy9u7Gu0AskJ8/20FR9GqebUyB+HBcU/ax6BHuiuJi+Oda4B+YX6H1yA=="],

    "@tailwindcss/oxide-win32-arm64-msvc": ["@tailwindcss/oxide-win32-arm64-msvc@4.3.0", "", { "os": "win32", "cpu": "arm64" }, "sha512-Pe+RPVTi1T+qymuuRpcdvwSVZjnll/f7n8gBxMMh3xLTctMDKqpdfGimbMyioqtLhUYZxdJ9wGNhV7MKHvgZsQ=="],

    "@tailwindcss/oxide-win32-x64-msvc": ["@tailwindcss/oxide-win32-x64-msvc@4.3.0", "", { "os": "win32", "cpu": "x64" }, "sha512-Mvrf2kXW/yeW/OTezZlCGOirXRcUuLIBx/5Y12BaPM7wJoryG6dfS/NJL8aBPqtTEx/Vm4T4vKzFUcKDT+TKUA=="],

    "@tanstack/history": ["@tanstack/history@1.162.0", "", {}, "sha512-79pf/RkhteYZTRgcR4F9kbk84P2N8rugQJswxfIqovlbRiT3yI7eBE+5QorIrZaOKktsgzRlXh1l/du/xpl4iA=="],

    "@tanstack/query-core": ["@tanstack/query-core@5.101.0", "", {}, "sha512-cQetA74EB+seWySv1TTKr828TnP0u39m6LykwDXIo84SNortpDkp30TMEjkqtYCNP9c40uT/iwl6MLiufEt0Ow=="],

    "@tanstack/react-query": ["@tanstack/react-query@5.101.0", "", { "dependencies": { "@tanstack/query-core": "5.101.0" }, "peerDependencies": { "react": "^18 || ^19" } }, "sha512-rLlJXSpkqfizLWgkR5+eLeIk0MvTx/meEIR7LRjxic+qxiQP8zVjq7BqQkiCMNLQBlLfuOLqqr6KO5GtrDlmSg=="],

    "@tanstack/react-router": ["@tanstack/react-router@1.170.15", "", { "dependencies": { "@tanstack/history": "1.162.0", "@tanstack/react-store": "^0.9.3", "@tanstack/router-core": "1.171.13", "isbot": "^5.1.22" }, "peerDependencies": { "react": ">=18.0.0 || >=19.0.0", "react-dom": ">=18.0.0 || >=19.0.0" } }, "sha512-GawYz7HEjj8rTUUDoT/SemDEVm63pZUO+2mOcXHY9Jl3EwMS5gFBnPu/2UvcrwRm1jN1k79fokc0d4aFmrLatg=="],

    "@tanstack/react-store": ["@tanstack/react-store@0.9.3", "", { "dependencies": { "@tanstack/store": "0.9.3", "use-sync-external-store": "^1.6.0" }, "peerDependencies": { "react": "^16.8.0 || ^17.0.0 || ^18.0.0 || ^19.0.0", "react-dom": "^16.8.0 || ^17.0.0 || ^18.0.0 || ^19.0.0" } }, "sha512-y2iHd/N9OkoQbFJLUX1T9vbc2O9tjH0pQRgTcx1/Nz4IlwLvkgpuglXUx+mXt0g5ZDFrEeDnONPqkbfxXJKwRg=="],

    "@tanstack/router-core": ["@tanstack/router-core@1.171.13", "", { "dependencies": { "@tanstack/history": "1.162.0", "cookie-es": "^3.0.0", "seroval": "^1.5.4", "seroval-plugins": "^1.5.4" } }, "sha512-+NOwEj1kO/6IGmpHRIZHasYxYWpyBQGNIZAST9aNrk9Q3YlU9SgqVnl1pbLa9qAKfeNdXQIRve0RQb/0kyDeDA=="],

    "@tanstack/store": ["@tanstack/store@0.9.3", "", {}, "sha512-8reSzl/qGWGGVKhBoxXPMWzATSbZLZFWhwBAFO9NAyp0TxzfBP0mIrGb8CP8KrQTmvzXlR/vFPPUrHTLBGyFyw=="],

    "@types/bun": ["@types/bun@1.3.2", "", { "dependencies": { "bun-types": "1.3.2" } }, "sha512-t15P7k5UIgHKkxwnMNkJbWlh/617rkDGEdSsDbu+qNHTaz9SKf7aC8fiIlUdD5RPpH6GEkP0cK7WlvmrEBRtWg=="],

    "@types/node": ["@types/node@24.10.1", "", { "dependencies": { "undici-types": "~7.16.0" } }, "sha512-GNWcUTRBgIRJD5zj+Tq0fKOJ5XZajIiBroOF0yvj2bSU1WvNdYS/dn9UxwsujGW4JX06dnHyjV2y9rRaybH0iQ=="],

    "@types/react": ["@types/react@19.2.17", "", { "dependencies": { "csstype": "^3.2.2" } }, "sha512-MXfmqaVPEVgkBT/aY0aGCkRWWtByiYQXo3xdQ8r5RzuFrPiRn8Gar2tQdXSUQ2GKV3bkXckek89V8wQBY2Q/Aw=="],

    "@types/react-dom": ["@types/react-dom@19.2.3", "", { "peerDependencies": { "@types/react": "^19.2.0" } }, "sha512-jp2L/eY6fn+KgVVQAOqYItbF0VY/YApe5Mz2F0aykSO8gx31bYCZyvSeYxCHKvzHG5eZjc+zyaS5BrBWya2+kQ=="],

    "aria-hidden": ["aria-hidden@1.2.6", "", { "dependencies": { "tslib": "^2.0.0" } }, "sha512-ik3ZgC9dY/lYVVM++OISsaYDeg1tb0VtP5uL3ouh1koGOaUMDPpbFIei4JkFimWUFPn90sbMNMXQAIVOlnYKJA=="],

    "boolbase": ["boolbase@1.0.0", "", {}, "sha512-JZOSA7Mo9sNGB8+UjSgzdLtokWAky1zbztM3WRLCbZ70/3cTANmQmOdR7y2g+J0e2WXywy1yS468tY+IruqEww=="],

    "bun-types": ["bun-types@1.3.2", "", { "dependencies": { "@types/node": "*" }, "peerDependencies": { "@types/react": "^19" } }, "sha512-i/Gln4tbzKNuxP70OWhJRZz1MRfvqExowP7U6JKoI8cntFrtxg7RJK3jvz7wQW54UuvNC8tbKHHri5fy74FVqg=="],

    "cheerio": ["cheerio@1.1.2", "", { "dependencies": { "cheerio-select": "^2.1.0", "dom-serializer": "^2.0.0", "domhandler": "^5.0.3", "domutils": "^3.2.2", "encoding-sniffer": "^0.2.1", "htmlparser2": "^10.0.0", "parse5": "^7.3.0", "parse5-htmlparser2-tree-adapter": "^7.1.0", "parse5-parser-stream": "^7.1.2", "undici": "^7.12.0", "whatwg-mimetype": "^4.0.0" } }, "sha512-IkxPpb5rS/d1IiLbHMgfPuS0FgiWTtFIm/Nj+2woXDLTZ7fOT2eqzgYbdMlLweqlHbsZjxEChoVK+7iph7jyQg=="],

    "cheerio-select": ["cheerio-select@2.1.0", "", { "dependencies": { "boolbase": "^1.0.0", "css-select": "^5.1.0", "css-what": "^6.1.0", "domelementtype": "^2.3.0", "domhandler": "^5.0.3", "domutils": "^3.0.1" } }, "sha512-9v9kG0LvzrlcungtnJtpGNxY+fzECQKhK4EGJX2vByejiMX84MFNQw4UxPJl3bFbTMw+Dfs37XaIkCwTZfLh4g=="],

    "cookie-es": ["cookie-es@3.1.1", "", {}, "sha512-UaXxwISYJPTr9hwQxMFYZ7kNhSXboMXP+Z3TRX6f1/NyaGPfuNUZOWP1pUEb75B2HjfklIYLVRfWiFZJyC6Npg=="],

    "css-select": ["css-select@5.2.2", "", { "dependencies": { "boolbase": "^1.0.0", "css-what": "^6.1.0", "domhandler": "^5.0.2", "domutils": "^3.0.1", "nth-check": "^2.0.1" } }, "sha512-TizTzUddG/xYLA3NXodFM0fSbNizXjOKhqiQQwvhlspadZokn1KDy0NZFS0wuEubIYAV5/c1/lAr0TaaFXEXzw=="],

    "css-what": ["css-what@6.2.2", "", {}, "sha512-u/O3vwbptzhMs3L1fQE82ZSLHQQfto5gyZzwteVIEyeaY5Fc7R4dapF/BvRoSYFeqfBk4m0V1Vafq5Pjv25wvA=="],

    "csstype": ["csstype@3.2.3", "", {}, "sha512-z1HGKcYy2xA8AGQfwrn0PAy+PB7X/GSj3UVJW9qKyn43xWa+gl5nXmU4qqLMRzWVLFC8KusUX8T/0kCiOYpAIQ=="],

    "detect-libc": ["detect-libc@2.1.2", "", {}, "sha512-Btj2BOOO83o3WyH59e8MgXsxEQVcarkUOpEYrubB0urwnN10yQ364rsiByU11nZlqWYZm05i/of7io4mzihBtQ=="],

    "detect-node-es": ["detect-node-es@1.1.0", "", {}, "sha512-ypdmJU/TbBby2Dxibuv7ZLW3Bs1QEmM7nHjEANfohJLvE0XVujisn1qPJcZxg+qDucsr+bP6fLD1rPS3AhJ7EQ=="],

    "dom-serializer": ["dom-serializer@2.0.0", "", { "dependencies": { "domelementtype": "^2.3.0", "domhandler": "^5.0.2", "entities": "^4.2.0" } }, "sha512-wIkAryiqt/nV5EQKqQpo3SToSOV9J0DnbJqwK7Wv/Trc92zIAYZ4FlMu+JPFW1DfGFt81ZTCGgDEabffXeLyJg=="],

    "domelementtype": ["domelementtype@2.3.0", "", {}, "sha512-OLETBj6w0OsagBwdXnPdN0cnMfF9opN69co+7ZrbfPGrdpPVNBUj02spi6B1N7wChLQiPn4CSH/zJvXw56gmHw=="],

    "domhandler": ["domhandler@5.0.3", "", { "dependencies": { "domelementtype": "^2.3.0" } }, "sha512-cgwlv/1iFQiFnU96XXgROh8xTeetsnJiDsTc7TYCLFd9+/WNkIqPTxiM/8pSd8VIrhXGTf1Ny1q1hquVqDJB5w=="],

    "domutils": ["domutils@3.2.2", "", { "dependencies": { "dom-serializer": "^2.0.0", "domelementtype": "^2.3.0", "domhandler": "^5.0.3" } }, "sha512-6kZKyUajlDuqlHKVX1w7gyslj9MPIXzIFiz/rGu35uC1wMi+kMhQwGhl4lt9unC9Vb9INnY9Z3/ZA3+FhASLaw=="],

    "encoding-sniffer": ["encoding-sniffer@0.2.1", "", { "dependencies": { "iconv-lite": "^0.6.3", "whatwg-encoding": "^3.1.1" } }, "sha512-5gvq20T6vfpekVtqrYQsSCFZ1wEg5+wW0/QaZMWkFr6BqD3NfKs0rLCx4rrVlSWJeZb5NBJgVLswK/w2MWU+Gw=="],

    "enhanced-resolve": ["enhanced-resolve@5.23.0", "", { "dependencies": { "graceful-fs": "^4.2.4", "tapable": "^2.3.3" } }, "sha512-yJN/BOOLxcOW2aQgeif9mSnaUB8KtvmMMp56oA1kx1CRfBKbhZm2pJ+NBY+3eOboHxix8lfjWpHE0Ei5U8RbSA=="],

    "entities": ["entities@4.5.0", "", {}, "sha512-V0hjH4dGPh9Ao5p0MoRY6BVqtwCjhz6vI5LT8AJ55H+4g9/4vbHx1I54fS0XuclLhDHArPQCiMjDxjaL8fPxhw=="],

    "framer-motion": ["framer-motion@12.40.0", "", { "dependencies": { "motion-dom": "^12.40.0", "motion-utils": "^12.39.0", "tslib": "^2.4.0" }, "peerDependencies": { "@emotion/is-prop-valid": "*", "react": "^18.0.0 || ^19.0.0", "react-dom": "^18.0.0 || ^19.0.0" }, "optionalPeers": ["@emotion/is-prop-valid", "react", "react-dom"] }, "sha512-uaBd3qC1v3KQqBEjwTUd183K6PbS+j0yR9w9VmEOLWA/tnUcSn8Xa3uck7t4dgpDoUss8xQTcj8W2L07lrnLFg=="],

    "get-nonce": ["get-nonce@1.0.1", "", {}, "sha512-FJhYRoDaiatfEkUK8HKlicmu/3SGFD51q3itKDGoSTysQJBnfOcxU5GxnhE1E6soB76MbT0MBtnKJuXyAx+96Q=="],

    "graceful-fs": ["graceful-fs@4.2.11", "", {}, "sha512-RbJ5/jmFcNNCcDV5o9eTnBLJ/HszWV0P73bc+Ff4nS/rJj+YaS6IGyiOL0VoBYX+l1Wrl3k63h/KrH+nhJ0XvQ=="],

    "htmlparser2": ["htmlparser2@10.0.0", "", { "dependencies": { "domelementtype": "^2.3.0", "domhandler": "^5.0.3", "domutils": "^3.2.1", "entities": "^6.0.0" } }, "sha512-TwAZM+zE5Tq3lrEHvOlvwgj1XLWQCtaaibSN11Q+gGBAS7Y1uZSWwXXRe4iF6OXnaq1riyQAPFOBtYc77Mxq0g=="],

    "iconv-lite": ["iconv-lite@0.6.3", "", { "dependencies": { "safer-buffer": ">= 2.1.2 < 3.0.0" } }, "sha512-4fCk79wshMdzMp2rH06qWrJE4iolqLhCUH+OiuIgU++RB0+94NlDL81atO7GX55uUKueo0txHNtvEyI6D7WdMw=="],

    "is-extglob": ["is-extglob@2.1.1", "", {}, "sha512-SbKbANkN603Vi4jEZv49LeVJMn4yGwsbzZworEoyEiutsN3nJYdbO36zfhGJ6QEDpOZIFkDtnq5JRxmvl3jsoQ=="],

    "is-glob": ["is-glob@4.0.3", "", { "dependencies": { "is-extglob": "^2.1.1" } }, "sha512-xelSayHH36ZgE7ZWhli7pW34hNbNl8Ojv5KVmkJD4hBdD3th8Tfk9vYasLM+mXWOZhFkgZfxhLSnrwRr4elSSg=="],

    "isbot": ["isbot@5.1.41", "", {}, "sha512-9WFV/Vhh0FEj6CQ7MoHweEL9/vLKPjeoD2I2htbAjX7kbW7VJs3OCpWOVyd+JraNTWVU6/DRx2MZy2KaUNXHcg=="],

    "jiti": ["jiti@2.7.0", "", { "bin": { "jiti": "lib/jiti-cli.mjs" } }, "sha512-AC/7JofJvZGrrneWNaEnJeOLUx+JlGt7tNa0wZiRPT4MY1wmfKjt2+6O2p2uz2+skll8OZZmJMNqeke7kKbNgQ=="],

    "ky": ["ky@1.14.0", "", {}, "sha512-Rczb6FMM6JT0lvrOlP5WUOCB7s9XKxzwgErzhKlKde1bEV90FXplV1o87fpt4PU/asJFiqjYJxAJyzJhcrxOsQ=="],

    "lightningcss": ["lightningcss@1.32.0", "", { "dependencies": { "detect-libc": "^2.0.3" }, "optionalDependencies": { "lightningcss-android-arm64": "1.32.0", "lightningcss-darwin-arm64": "1.32.0", "lightningcss-darwin-x64": "1.32.0", "lightningcss-freebsd-x64": "1.32.0", "lightningcss-linux-arm-gnueabihf": "1.32.0", "lightningcss-linux-arm64-gnu": "1.32.0", "lightningcss-linux-arm64-musl": "1.32.0", "lightningcss-linux-x64-gnu": "1.32.0", "lightningcss-linux-x64-musl": "1.32.0", "lightningcss-win32-arm64-msvc": "1.32.0", "lightningcss-win32-x64-msvc": "1.32.0" } }, "sha512-NXYBzinNrblfraPGyrbPoD19C1h9lfI/1mzgWYvXUTe414Gz/X1FD2XBZSZM7rRTrMA8JL3OtAaGifrIKhQ5yQ=="],

    "lightningcss-android-arm64": ["lightningcss-android-arm64@1.32.0", "", { "os": "android", "cpu": "arm64" }, "sha512-YK7/ClTt4kAK0vo6w3X+Pnm0D2cf2vPHbhOXdoNti1Ga0al1P4TBZhwjATvjNwLEBCnKvjJc2jQgHXH0NEwlAg=="],

    "lightningcss-darwin-arm64": ["lightningcss-darwin-arm64@1.32.0", "", { "os": "darwin", "cpu": "arm64" }, "sha512-RzeG9Ju5bag2Bv1/lwlVJvBE3q6TtXskdZLLCyfg5pt+HLz9BqlICO7LZM7VHNTTn/5PRhHFBSjk5lc4cmscPQ=="],

    "lightningcss-darwin-x64": ["lightningcss-darwin-x64@1.32.0", "", { "os": "darwin", "cpu": "x64" }, "sha512-U+QsBp2m/s2wqpUYT/6wnlagdZbtZdndSmut/NJqlCcMLTWp5muCrID+K5UJ6jqD2BFshejCYXniPDbNh73V8w=="],

    "lightningcss-freebsd-x64": ["lightningcss-freebsd-x64@1.32.0", "", { "os": "freebsd", "cpu": "x64" }, "sha512-JCTigedEksZk3tHTTthnMdVfGf61Fky8Ji2E4YjUTEQX14xiy/lTzXnu1vwiZe3bYe0q+SpsSH/CTeDXK6WHig=="],

    "lightningcss-linux-arm-gnueabihf": ["lightningcss-linux-arm-gnueabihf@1.32.0", "", { "os": "linux", "cpu": "arm" }, "sha512-x6rnnpRa2GL0zQOkt6rts3YDPzduLpWvwAF6EMhXFVZXD4tPrBkEFqzGowzCsIWsPjqSK+tyNEODUBXeeVHSkw=="],

    "lightningcss-linux-arm64-gnu": ["lightningcss-linux-arm64-gnu@1.32.0", "", { "os": "linux", "cpu": "arm64" }, "sha512-0nnMyoyOLRJXfbMOilaSRcLH3Jw5z9HDNGfT/gwCPgaDjnx0i8w7vBzFLFR1f6CMLKF8gVbebmkUN3fa/kQJpQ=="],

    "lightningcss-linux-arm64-musl": ["lightningcss-linux-arm64-musl@1.32.0", "", { "os": "linux", "cpu": "arm64" }, "sha512-UpQkoenr4UJEzgVIYpI80lDFvRmPVg6oqboNHfoH4CQIfNA+HOrZ7Mo7KZP02dC6LjghPQJeBsvXhJod/wnIBg=="],

    "lightningcss-linux-x64-gnu": ["lightningcss-linux-x64-gnu@1.32.0", "", { "os": "linux", "cpu": "x64" }, "sha512-V7Qr52IhZmdKPVr+Vtw8o+WLsQJYCTd8loIfpDaMRWGUZfBOYEJeyJIkqGIDMZPwPx24pUMfwSxxI8phr/MbOA=="],

    "lightningcss-linux-x64-musl": ["lightningcss-linux-x64-musl@1.32.0", "", { "os": "linux", "cpu": "x64" }, "sha512-bYcLp+Vb0awsiXg/80uCRezCYHNg1/l3mt0gzHnWV9XP1W5sKa5/TCdGWaR/zBM2PeF/HbsQv/j2URNOiVuxWg=="],

    "lightningcss-win32-arm64-msvc": ["lightningcss-win32-arm64-msvc@1.32.0", "", { "os": "win32", "cpu": "arm64" }, "sha512-8SbC8BR40pS6baCM8sbtYDSwEVQd4JlFTOlaD3gWGHfThTcABnNDBda6eTZeqbofalIJhFx0qKzgHJmcPTnGdw=="],

    "lightningcss-win32-x64-msvc": ["lightningcss-win32-x64-msvc@1.32.0", "", { "os": "win32", "cpu": "x64" }, "sha512-Amq9B/SoZYdDi1kFrojnoqPLxYhQ4Wo5XiL8EVJrVsB8ARoC1PWW6VGtT0WKCemjy8aC+louJnjS7U18x3b06Q=="],

    "lucide-react": ["lucide-react@1.17.0", "", { "peerDependencies": { "react": "^16.5.1 || ^17.0.0 || ^18.0.0 || ^19.0.0" } }, "sha512-9FA9evdox/JQL5PT57fdA1x/yg8T7knJ98+zjTL3UfKza6pflQUUh3XtaQIHKvnsJw1lmsEyHVlt5jchYxOQ5w=="],

    "magic-string": ["magic-string@0.30.21", "", { "dependencies": { "@jridgewell/sourcemap-codec": "^1.5.5" } }, "sha512-vd2F4YUyEXKGcLHoq+TEyCjxueSeHnFxyyjNp80yg0XV4vUhnDer/lvvlqM/arB5bXQN5K2/3oinyCRyx8T2CQ=="],

    "motion": ["motion@12.40.0", "", { "dependencies": { "framer-motion": "^12.40.0", "tslib": "^2.4.0" }, "peerDependencies": { "@emotion/is-prop-valid": "*", "react": "^18.0.0 || ^19.0.0", "react-dom": "^18.0.0 || ^19.0.0" }, "optionalPeers": ["@emotion/is-prop-valid", "react", "react-dom"] }, "sha512-yjrHUrBFW6kQvjJwRsoiPSAhC5tRwRqNGJWmiJ4CrGnbKp0V88AdzkhBmDoqIsIPfarOe0Uddd37Xq43/gIocA=="],

    "motion-dom": ["motion-dom@12.40.0", "", { "dependencies": { "motion-utils": "^12.39.0" } }, "sha512-HxU3ZaBwNPVQUBQf1xxgq+7JrPNZvjLVxgbpEZL7RrWJnsxOf0/OM+yrHG9ogLQ31Do/r57Oz2gQWPK+6q62mg=="],

    "motion-utils": ["motion-utils@12.39.0", "", {}, "sha512-8nadJAJjTtqRkmRF36FoJTrywK9nnFmnPwnSMyxaOCU7GDjN9RTMJIxx9De8ErM+vpPhMccr/6fo5WciyQLnMQ=="],

    "mri": ["mri@1.2.0", "", {}, "sha512-tzzskb3bG8LvYGFF/mDTpq3jpI6Q9wc3LEmBaghu+DdCssd1FakN7Bc0hVNmEyGq1bq3RgfkCb3cmQLpNPOroA=="],

    "node-addon-api": ["node-addon-api@7.1.1", "", {}, "sha512-5m3bsyrjFWE1xf7nz7YXdN4udnVtXK6/Yfgn5qnahL6bCkf2yKt4k3nuTKAtT4r3IG8JNR2ncsIMdZuAzJjHQQ=="],

    "nth-check": ["nth-check@2.1.1", "", { "dependencies": { "boolbase": "^1.0.0" } }, "sha512-lqjrjmaOoAnWfMmBPL+XNnynZh2+swxiX3WUE0s4yEHI6m+AwrK2UZOimIRl3X/4QctVqS8AiZjFqyOGrMXb/w=="],

    "parse5": ["parse5@7.3.0", "", { "dependencies": { "entities": "^6.0.0" } }, "sha512-IInvU7fabl34qmi9gY8XOVxhYyMyuH2xUNpb2q8/Y+7552KlejkRvqvD19nMoUW/uQGGbqNpA6Tufu5FL5BZgw=="],

    "parse5-htmlparser2-tree-adapter": ["parse5-htmlparser2-tree-adapter@7.1.0", "", { "dependencies": { "domhandler": "^5.0.3", "parse5": "^7.0.0" } }, "sha512-ruw5xyKs6lrpo9x9rCZqZZnIUntICjQAd0Wsmp396Ul9lN/h+ifgVV1x1gZHi8euej6wTfpqX8j+BFQxF0NS/g=="],

    "parse5-parser-stream": ["parse5-parser-stream@7.1.2", "", { "dependencies": { "parse5": "^7.0.0" } }, "sha512-JyeQc9iwFLn5TbvvqACIF/VXG6abODeB3Fwmv/TGdLk2LfbWkaySGY72at4+Ty7EkPZj854u4CrICqNk2qIbow=="],

    "picocolors": ["picocolors@1.1.1", "", {}, "sha512-xceH2snhtb5M9liqDsmEw56le376mTZkEX/jEb/RxNFyegNul7eNslCXP9FDj/Lcu0X8KEyMceP2ntpaHrDEVA=="],

    "picomatch": ["picomatch@4.0.4", "", {}, "sha512-QP88BAKvMam/3NxH6vj2o21R6MjxZUAd6nlwAS/pnGvN9IVLocLHxGYIzFhg6fUQ+5th6P4dv4eW9jX3DSIj7A=="],

    "react": ["react@19.2.7", "", {}, "sha512-HNe9WslTbXmFK8o8cmwgAeJFSBvt1bPdHCVKtaaV+WlAN36mpT4hcRpwbf3fY56ar2oIXzsBpOAiIRHAdY0OlQ=="],

    "react-dom": ["react-dom@19.2.7", "", { "dependencies": { "scheduler": "^0.27.0" }, "peerDependencies": { "react": "^19.2.7" } }, "sha512-t0BRVXvbiE/o20Hfw669rLbMCDWtYZLvmJigy2f0MxsXF+71pxhR3xOkspmsO8h3ZlNzyibAmtCa3l4lYKk6gQ=="],

    "react-remove-scroll": ["react-remove-scroll@2.7.2", "", { "dependencies": { "react-remove-scroll-bar": "^2.3.7", "react-style-singleton": "^2.2.3", "tslib": "^2.1.0", "use-callback-ref": "^1.3.3", "use-sidecar": "^1.1.3" }, "peerDependencies": { "@types/react": "*", "react": "^16.8.0 || ^17.0.0 || ^18.0.0 || ^19.0.0 || ^19.0.0-rc" }, "optionalPeers": ["@types/react"] }, "sha512-Iqb9NjCCTt6Hf+vOdNIZGdTiH1QSqr27H/Ek9sv/a97gfueI/5h1s3yRi1nngzMUaOOToin5dI1dXKdXiF+u0Q=="],

    "react-remove-scroll-bar": ["react-remove-scroll-bar@2.3.8", "", { "dependencies": { "react-style-singleton": "^2.2.2", "tslib": "^2.0.0" }, "peerDependencies": { "@types/react": "*", "react": "^16.8.0 || ^17.0.0 || ^18.0.0 || ^19.0.0" }, "optionalPeers": ["@types/react"] }, "sha512-9r+yi9+mgU33AKcj6IbT9oRCO78WriSj6t/cF8DWBZJ9aOGPOTEDvdUDz1FwKim7QXWwmHqtdHnRJfhAxEG46Q=="],

    "react-style-singleton": ["react-style-singleton@2.2.3", "", { "dependencies": { "get-nonce": "^1.0.0", "tslib": "^2.0.0" }, "peerDependencies": { "@types/react": "*", "react": "^16.8.0 || ^17.0.0 || ^18.0.0 || ^19.0.0 || ^19.0.0-rc" }, "optionalPeers": ["@types/react"] }, "sha512-b6jSvxvVnyptAiLjbkWLE/lOnR4lfTtDAl+eUC7RZy+QQWc6wRzIV2CE6xBuMmDxc2qIihtDCZD5NPOFl7fRBQ=="],

    "safer-buffer": ["safer-buffer@2.1.2", "", {}, "sha512-YZo3K82SD7Riyi0E1EQPojLz7kpepnSQI9IyPbHHg1XXXevb5dJI7tpyN2ADxGcQbHG7vcyRHk0cbwqcQriUtg=="],

    "scheduler": ["scheduler@0.27.0", "", {}, "sha512-eNv+WrVbKu1f3vbYJT/xtiF5syA5HPIMtf9IgY/nKg0sWqzAUEvqY/xm7OcZc/qafLx/iO9FgOmeSAp4v5ti/Q=="],

    "seroval": ["seroval@1.5.4", "", {}, "sha512-46uFvgrXTVxZcUorgSSRZ4y+ieqLLQRMlG4bnCZKW3qI6BZm7Rg4ntMW4p1mILEEBZWrFlcpp0AyIIlM6jD9iw=="],

    "seroval-plugins": ["seroval-plugins@1.5.4", "", { "peerDependencies": { "seroval": "^1.0" } }, "sha512-S0xQPhUTefAhNvNWFg0c1J8qJArHt5KdtJ/cFAofo06KD1MVSeFWyl4iiu+ApDIuw0WhjpOfCdgConOfAnLgkw=="],

    "source-map-js": ["source-map-js@1.2.1", "", {}, "sha512-UXWMKhLOwVKb728IUtQPXxfYU+usdybtUrK/8uGE8CQMvrhOpwvzDBwj0QhSL7MQc7vIsISBG8VQ8+IDQxpfQA=="],

    "tailwindcss": ["tailwindcss@4.3.0", "", {}, "sha512-y6nxMGB1nMW9R6k96e5gdIFzcfL/gTJRNaqGes1YvkLnPVXzWgbqFF2yLC0T8G774n24cx3Pe8XrKoniCOAH+Q=="],

    "tapable": ["tapable@2.3.3", "", {}, "sha512-uxc/zpqFg6x7C8vOE7lh6Lbda8eEL9zmVm/PLeTPBRhh1xCgdWaQ+J1CUieGpIfm2HdtsUpRv+HshiasBMcc6A=="],

    "tslib": ["tslib@2.8.1", "", {}, "sha512-oJFu94HQb+KVduSUQL7wnpmqnfmLsOA/nAh6b6EH0wCEoK0/mPeXU6c3wKDV83MkOuHPRHtSXKKU99IBazS/2w=="],

    "typescript": ["typescript@5.9.3", "", { "bin": { "tsc": "bin/tsc", "tsserver": "bin/tsserver" } }, "sha512-jl1vZzPDinLr9eUt3J/t7V6FgNEw9QjvBPdysz9KfQDD41fQrC2Y4vKQdiaUpFT4bXlb1RHhLpp8wtm6M5TgSw=="],

    "undici": ["undici@7.16.0", "", {}, "sha512-QEg3HPMll0o3t2ourKwOeUAZ159Kn9mx5pnzHRQO8+Wixmh88YdZRiIwat0iNzNNXn0yoEtXJqFpyW7eM8BV7g=="],

    "undici-types": ["undici-types@7.16.0", "", {}, "sha512-Zz+aZWSj8LE6zoxD+xrjh4VfkIG8Ya6LvYkZqtUQGJPZjYl53ypCaUwWqo7eI0x66KBGeRo+mlBEkMSeSZ38Nw=="],

    "use-callback-ref": ["use-callback-ref@1.3.3", "", { "dependencies": { "tslib": "^2.0.0" }, "peerDependencies": { "@types/react": "*", "react": "^16.8.0 || ^17.0.0 || ^18.0.0 || ^19.0.0 || ^19.0.0-rc" }, "optionalPeers": ["@types/react"] }, "sha512-jQL3lRnocaFtu3V00JToYz/4QkNWswxijDaCVNZRiRTO3HQDLsdu1ZtmIUvV4yPp+rvWm5j0y0TG/S61cuijTg=="],

    "use-sidecar": ["use-sidecar@1.1.3", "", { "dependencies": { "detect-node-es": "^1.1.0", "tslib": "^2.0.0" }, "peerDependencies": { "@types/react": "*", "react": "^16.8.0 || ^17.0.0 || ^18.0.0 || ^19.0.0 || ^19.0.0-rc" }, "optionalPeers": ["@types/react"] }, "sha512-Fedw0aZvkhynoPYlA5WXrMCAMm+nSWdZt6lzJQ7Ok8S6Q+VsHmHpRWndVRJ8Be0ZbkfPc5LRYH+5XrzXcEeLRQ=="],

    "use-sync-external-store": ["use-sync-external-store@1.6.0", "", { "peerDependencies": { "react": "^16.8.0 || ^17.0.0 || ^18.0.0 || ^19.0.0" } }, "sha512-Pp6GSwGP/NrPIrxVFAIkOQeyw8lFenOHijQWkUTrDvrF4ALqylP2C/KCkeS9dpUM3KvYRQhna5vt7IL95+ZQ9w=="],

    "whatwg-encoding": ["whatwg-encoding@3.1.1", "", { "dependencies": { "iconv-lite": "0.6.3" } }, "sha512-6qN4hJdMwfYBtE3YBTTHhoeuUrDBPZmbQaxWAqSALV/MeEnR5z1xd8UKud2RAkFoPkmB+hli1TZSnyi84xz1vQ=="],

    "whatwg-mimetype": ["whatwg-mimetype@4.0.0", "", {}, "sha512-QaKxh0eNIi2mE9p2vEdzfagOKHCcj1pJ56EEHGQOVxp8r9/iszLUUV7v89x9O1p/T+NlTM5W7jW6+cz4Fq1YVg=="],

    "zod": ["zod@4.1.12", "", {}, "sha512-JInaHOamG8pt5+Ey8kGmdcAcg3OL9reK8ltczgHTAwNhMys/6ThXHityHxVV2p3fkw/c+MAvBHFVYHFZDmjMCQ=="],

    "@tailwindcss/oxide-wasm32-wasi/@emnapi/core": ["@emnapi/core@1.11.0", "", { "dependencies": { "@emnapi/wasi-threads": "1.2.2", "tslib": "^2.4.0" }, "bundled": true }, "sha512-l9Oo58x0HOP5znGzVhYW9U3e5wVuA4LAZU2AGezTmkhO1CgQRFDhDg4nneHsu/t3WniXg9QrG2nIXL/ZS8ln8Q=="],

    "@tailwindcss/oxide-wasm32-wasi/@emnapi/runtime": ["@emnapi/runtime@1.11.0", "", { "dependencies": { "tslib": "^2.4.0" }, "bundled": true }, "sha512-55coeOFKHv1ywEcUXJtWU5f+Jr/W5tZDvZig8DLKSwUN1JpROQ4rk/SNOQiFWmaR/VKF4zuFyW1B8JduOSv6Pg=="],

    "@tailwindcss/oxide-wasm32-wasi/@emnapi/wasi-threads": ["@emnapi/wasi-threads@1.2.2", "", { "dependencies": { "tslib": "^2.4.0" }, "bundled": true }, "sha512-c95qOXkHdydNKhscBTebqEC1CVAZpyqOfVfBzQ1qgzyl3gfeldUjIggDbIZgDKsHLgnsM+igH7TJ/eAasaVuMA=="],

    "@tailwindcss/oxide-wasm32-wasi/@napi-rs/wasm-runtime": ["@napi-rs/wasm-runtime@1.1.4", "", { "dependencies": { "@tybys/wasm-util": "^0.10.1" }, "peerDependencies": { "@emnapi/core": "^1.7.1", "@emnapi/runtime": "^1.7.1" }, "bundled": true }, "sha512-3NQNNgA1YSlJb/kMH1ildASP9HW7/7kYnRI2szWJaofaS1hWmbGI4H+d3+22aGzXXN9IJ+n+GiFVcGipJP18ow=="],

    "@tailwindcss/oxide-wasm32-wasi/@tybys/wasm-util": ["@tybys/wasm-util@0.10.2", "", { "dependencies": { "tslib": "^2.4.0" }, "bundled": true }, "sha512-RoBvJ2X0wuKlWFIjrwffGw1IqZHKQqzIchKaadZZfnNpsAYp2mM0h36JtPCjNDAHGgYez/15uMBpfGwchhiMgg=="],

    "@tailwindcss/oxide-wasm32-wasi/tslib": ["tslib@2.8.1", "", { "bundled": true }, "sha512-oJFu94HQb+KVduSUQL7wnpmqnfmLsOA/nAh6b6EH0wCEoK0/mPeXU6c3wKDV83MkOuHPRHtSXKKU99IBazS/2w=="],

    "htmlparser2/entities": ["entities@6.0.1", "", {}, "sha512-aN97NXWF6AWBTahfVOIrB/NShkzi5H7F9r1s9mD3cDj4Ko5f2qhhVoYMibXF7GlLveb/D2ioWay8lxI97Ven3g=="],

    "parse5/entities": ["entities@6.0.1", "", {}, "sha512-aN97NXWF6AWBTahfVOIrB/NShkzi5H7F9r1s9mD3cDj4Ko5f2qhhVoYMibXF7GlLveb/D2ioWay8lxI97Ven3g=="],
  }
}
